
Microsoft Visual Studio Solution File, Format Version 12.00
# Visual Studio Version 16
VisualStudioVersion = 16.0.30503.244
MinimumVisualStudioVersion = 10.0.40219.1
Project("{8BC9CEB8-8B4A-11D0-8D11-00A0C91BC942}") = "RnD_WinSocketServer", "RnD_WinSocketServer\RnD_WinSocketServer.vcxproj", "{41FCFE41-B483-4D5C-A7EB-3BA8D1E86F38}"
EndProject
Project("{8BC9CEB8-8B4A-11D0-8D11-00A0C91BC942}") = "RnD_WinSocketClient", "RnD_WinSocketClient\RnD_WinSocketClient.vcxproj", "{61C0A7C2-A507-4966-87F6-EB2ECE8F848A}"
EndProject
Project("{8BC9CEB8-8B4A-11D0-8D11-00A0C91BC942}") = "RnD_TCPSocketServerClass", "RnD_TCPSocketServerClass\RnD_TCPSocketServerClass.vcxproj", "{4627898E-FF8E-4757-85E9-D586D33539D1}"
EndProject
Project("{8BC9CEB8-8B4A-11D0-8D11-00A0C91BC942}") = "RnD_TCPSocketClientClass", "RnD_TCPSocketClientClass\RnD_TCPSocketClientClass.vcxproj", "{0E3A8498-BD87-410A-A3C8-E9BFC17EEEBD}"
EndProject
Project("{8BC9CEB8-8B4A-11D0-8D11-00A0C91BC942}") = "RnD_UDPSocket_Client", "RnD_UDPSocket_Client\RnD_UDPSocket_Client.vcxproj", "{DABEABB4-062A-4F9F-BEED-47226810B9F8}"
EndProject
Project("{8BC9CEB8-8B4A-11D0-8D11-00A0C91BC942}") = "RnD_UDPSocket_Server", "RnD_UDPSocket_Server\RnD_UDPSocket_Server.vcxproj", "{96135537-7617-47BA-A2B3-B69EF9C2B423}"
EndProject
Global
	GlobalSection(SolutionConfigurationPlatforms) = preSolution
		Debug|x64 = Debug|x64
		Debug|x86 = Debug|x86
		Release|x64 = Release|x64
		Release|x86 = Release|x86
	EndGlobalSection
	GlobalSection(ProjectConfigurationPlatforms) = postSolution
		{41FCFE41-B483-4D5C-A7EB-3BA8D1E86F38}.Debug|x64.ActiveCfg = Debug|x64
		{41FCFE41-B483-4D5C-A7EB-3BA8D1E86F38}.Debug|x64.Build.0 = Debug|x64
		{41FCFE41-B483-4D5C-A7EB-3BA8D1E86F38}.Debug|x86.ActiveCfg = Debug|Win32
		{41FCFE41-B483-4D5C-A7EB-3BA8D1E86F38}.Debug|x86.Build.0 = Debug|Win32
		{41FCFE41-B483-4D5C-A7EB-3BA8D1E86F38}.Release|x64.ActiveCfg = Release|x64
		{41FCFE41-B483-4D5C-A7EB-3BA8D1E86F38}.Release|x64.Build.0 = Release|x64
		{41FCFE41-B483-4D5C-A7EB-3BA8D1E86F38}.Release|x86.ActiveCfg = Release|Win32
		{41FCFE41-B483-4D5C-A7EB-3BA8D1E86F38}.Release|x86.Build.0 = Release|Win32
		{61C0A7C2-A507-4966-87F6-EB2ECE8F848A}.Debug|x64.ActiveCfg = Debug|x64
		{61C0A7C2-A507-4966-87F6-EB2ECE8F848A}.Debug|x64.Build.0 = Debug|x64
		{61C0A7C2-A507-4966-87F6-EB2ECE8F848A}.Debug|x86.ActiveCfg = Debug|Win32
		{61C0A7C2-A507-4966-87F6-EB2ECE8F848A}.Debug|x86.Build.0 = Debug|Win32
		{61C0A7C2-A507-4966-87F6-EB2ECE8F848A}.Release|x64.ActiveCfg = Release|x64
		{61C0A7C2-A507-4966-87F6-EB2ECE8F848A}.Release|x64.Build.0 = Release|x64
		{61C0A7C2-A507-4966-87F6-EB2ECE8F848A}.Release|x86.ActiveCfg = Release|Win32
		{61C0A7C2-A507-4966-87F6-EB2ECE8F848A}.Release|x86.Build.0 = Release|Win32
		{4627898E-FF8E-4757-85E9-D586D33539D1}.Debug|x64.ActiveCfg = Debug|x64
		{4627898E-FF8E-4757-85E9-D586D33539D1}.Debug|x64.Build.0 = Debug|x64
		{4627898E-FF8E-4757-85E9-D586D33539D1}.Debug|x86.ActiveCfg = Debug|Win32
		{4627898E-FF8E-4757-85E9-D586D33539D1}.Debug|x86.Build.0 = Debug|Win32
		{4627898E-FF8E-4757-85E9-D586D33539D1}.Release|x64.ActiveCfg = Release|x64
		{4627898E-FF8E-4757-85E9-D586D33539D1}.Release|x64.Build.0 = Release|x64
		{4627898E-FF8E-4757-85E9-D586D33539D1}.Release|x86.ActiveCfg = Release|Win32
		{4627898E-FF8E-4757-85E9-D586D33539D1}.Release|x86.Build.0 = Release|Win32
		{0E3A8498-BD87-410A-A3C8-E9BFC17EEEBD}.Debug|x64.ActiveCfg = Debug|x64
		{0E3A8498-BD87-410A-A3C8-E9BFC17EEEBD}.Debug|x64.Build.0 = Debug|x64
		{0E3A8498-BD87-410A-A3C8-E9BFC17EEEBD}.Debug|x86.ActiveCfg = Debug|Win32
		{0E3A8498-BD87-410A-A3C8-E9BFC17EEEBD}.Debug|x86.Build.0 = Debug|Win32
		{0E3A8498-BD87-410A-A3C8-E9BFC17EEEBD}.Release|x64.ActiveCfg = Release|x64
		{0E3A8498-BD87-410A-A3C8-E9BFC17EEEBD}.Release|x64.Build.0 = Release|x64
		{0E3A8498-BD87-410A-A3C8-E9BFC17EEEBD}.Release|x86.ActiveCfg = Release|Win32
		{0E3A8498-BD87-410A-A3C8-E9BFC17EEEBD}.Release|x86.Build.0 = Release|Win32
		{DABEABB4-062A-4F9F-BEED-47226810B9F8}.Debug|x64.ActiveCfg = Debug|x64
		{DABEABB4-062A-4F9F-BEED-47226810B9F8}.Debug|x64.Build.0 = Debug|x64
		{DABEABB4-062A-4F9F-BEED-47226810B9F8}.Debug|x86.ActiveCfg = Debug|Win32
		{DABEABB4-062A-4F9F-BEED-47226810B9F8}.Debug|x86.Build.0 = Debug|Win32
		{DABEABB4-062A-4F9F-BEED-47226810B9F8}.Release|x64.ActiveCfg = Release|x64
		{DABEABB4-062A-4F9F-BEED-47226810B9F8}.Release|x64.Build.0 = Release|x64
		{DABEABB4-062A-4F9F-BEED-47226810B9F8}.Release|x86.ActiveCfg = Release|Win32
		{DABEABB4-062A-4F9F-BEED-47226810B9F8}.Release|x86.Build.0 = Release|Win32
		{96135537-7617-47BA-A2B3-B69EF9C2B423}.Debug|x64.ActiveCfg = Debug|x64
		{96135537-7617-47BA-A2B3-B69EF9C2B423}.Debug|x64.Build.0 = Debug|x64
		{96135537-7617-47BA-A2B3-B69EF9C2B423}.Debug|x86.ActiveCfg = Debug|Win32
		{96135537-7617-47BA-A2B3-B69EF9C2B423}.Debug|x86.Build.0 = Debug|Win32
		{96135537-7617-47BA-A2B3-B69EF9C2B423}.Release|x64.ActiveCfg = Release|x64
		{96135537-7617-47BA-A2B3-B69EF9C2B423}.Release|x64.Build.0 = Release|x64
		{96135537-7617-47BA-A2B3-B69EF9C2B423}.Release|x86.ActiveCfg = Release|Win32
		{96135537-7617-47BA-A2B3-B69EF9C2B423}.Release|x86.Build.0 = Release|Win32
	EndGlobalSection
	GlobalSection(SolutionProperties) = preSolution
		HideSolutionNode = FALSE
	EndGlobalSection
	GlobalSection(ExtensibilityGlobals) = postSolution
		SolutionGuid = {D1771F5F-D5E5-4FFB-92FE-EF8CD7BF4F64}
	EndGlobalSection
EndGlobal
