
Microsoft Visual Studio Solution File, Format Version 12.00
# Visual Studio 15
VisualStudioVersion = 15.0.28307.329
MinimumVisualStudioVersion = 10.0.40219.1
Project("{8BC9CEB8-8B4A-11D0-8D11-00A0C91BC942}") = "RnD_LOGnDebugFunction", "RnD_LOGnDebugFunction\RnD_LOGnDebugFunction.vcxproj", "{DD07E4FA-3D8F-4EBB-87E2-F4888AAADFA4}"
EndProject
Project("{8BC9CEB8-8B4A-11D0-8D11-00A0C91BC942}") = "RnD_GetMacAddress", "..\RnD_GetMacAddress\RnD_GetMacAddress.vcxproj", "{33D7993A-25A8-40A0-90AB-90897384B255}"
EndProject
Global
	GlobalSection(SolutionConfigurationPlatforms) = preSolution
		Debug|x64 = Debug|x64
		Debug|x86 = Debug|x86
		Release|x64 = Release|x64
		Release|x86 = Release|x86
	EndGlobalSection
	GlobalSection(ProjectConfigurationPlatforms) = postSolution
		{DD07E4FA-3D8F-4EBB-87E2-F4888AAADFA4}.Debug|x64.ActiveCfg = Debug|x64
		{DD07E4FA-3D8F-4EBB-87E2-F4888AAADFA4}.Debug|x64.Build.0 = Debug|x64
		{DD07E4FA-3D8F-4EBB-87E2-F4888AAADFA4}.Debug|x86.ActiveCfg = Debug|Win32
		{DD07E4FA-3D8F-4EBB-87E2-F4888AAADFA4}.Debug|x86.Build.0 = Debug|Win32
		{DD07E4FA-3D8F-4EBB-87E2-F4888AAADFA4}.Release|x64.ActiveCfg = Release|x64
		{DD07E4FA-3D8F-4EBB-87E2-F4888AAADFA4}.Release|x64.Build.0 = Release|x64
		{DD07E4FA-3D8F-4EBB-87E2-F4888AAADFA4}.Release|x86.ActiveCfg = Release|Win32
		{DD07E4FA-3D8F-4EBB-87E2-F4888AAADFA4}.Release|x86.Build.0 = Release|Win32
		{33D7993A-25A8-40A0-90AB-90897384B255}.Debug|x64.ActiveCfg = Debug|x64
		{33D7993A-25A8-40A0-90AB-90897384B255}.Debug|x64.Build.0 = Debug|x64
		{33D7993A-25A8-40A0-90AB-90897384B255}.Debug|x86.ActiveCfg = Debug|Win32
		{33D7993A-25A8-40A0-90AB-90897384B255}.Debug|x86.Build.0 = Debug|Win32
		{33D7993A-25A8-40A0-90AB-90897384B255}.Release|x64.ActiveCfg = Release|x64
		{33D7993A-25A8-40A0-90AB-90897384B255}.Release|x64.Build.0 = Release|x64
		{33D7993A-25A8-40A0-90AB-90897384B255}.Release|x86.ActiveCfg = Release|Win32
		{33D7993A-25A8-40A0-90AB-90897384B255}.Release|x86.Build.0 = Release|Win32
	EndGlobalSection
	GlobalSection(SolutionProperties) = preSolution
		HideSolutionNode = FALSE
	EndGlobalSection
	GlobalSection(ExtensibilityGlobals) = postSolution
		SolutionGuid = {D3E1EE8E-3585-471C-95CB-E78F7C772DAB}
	EndGlobalSection
EndGlobal
