
Microsoft Visual Studio Solution File, Format Version 12.00
# Visual Studio Version 16
VisualStudioVersion = 16.0.30621.155
MinimumVisualStudioVersion = 10.0.40219.1
Project("{8BC9CEB8-8B4A-11D0-8D11-00A0C91BC942}") = "GRPC_sample", "GRPC_sample\GRPC_sample.vcxproj", "{0D64B25D-600A-42F5-BBB1-C4443C00950A}"
EndProject
Project("{8BC9CEB8-8B4A-11D0-8D11-00A0C91BC942}") = "GPRC_sample_client", "GPRC_sample_client\GPRC_sample_client.vcxproj", "{7CF799DF-3600-4A82-8FF0-7C93EF81C567}"
EndProject
Project("{8BC9CEB8-8B4A-11D0-8D11-00A0C91BC942}") = "GRPC_sample_streaming", "GRPC_sample_streaming\GRPC_sample_streaming.vcxproj", "{02E03029-2A12-4B68-ADAB-DD09E673EE59}"
EndProject
Project("{8BC9CEB8-8B4A-11D0-8D11-00A0C91BC942}") = "GRPC_sample_streaming_client", "GRPC_sample_streaming_client\GRPC_sample_streaming_client.vcxproj", "{BBD0C34F-0228-479F-8BED-93AD0DDA4C13}"
EndProject
Global
	GlobalSection(SolutionConfigurationPlatforms) = preSolution
		Debug|x64 = Debug|x64
		Debug|x86 = Debug|x86
		Release|x64 = Release|x64
		Release|x86 = Release|x86
	EndGlobalSection
	GlobalSection(ProjectConfigurationPlatforms) = postSolution
		{0D64B25D-600A-42F5-BBB1-C4443C00950A}.Debug|x64.ActiveCfg = Debug|x64
		{0D64B25D-600A-42F5-BBB1-C4443C00950A}.Debug|x64.Build.0 = Debug|x64
		{0D64B25D-600A-42F5-BBB1-C4443C00950A}.Debug|x86.ActiveCfg = Debug|Win32
		{0D64B25D-600A-42F5-BBB1-C4443C00950A}.Debug|x86.Build.0 = Debug|Win32
		{0D64B25D-600A-42F5-BBB1-C4443C00950A}.Release|x64.ActiveCfg = Release|x64
		{0D64B25D-600A-42F5-BBB1-C4443C00950A}.Release|x64.Build.0 = Release|x64
		{0D64B25D-600A-42F5-BBB1-C4443C00950A}.Release|x86.ActiveCfg = Release|Win32
		{0D64B25D-600A-42F5-BBB1-C4443C00950A}.Release|x86.Build.0 = Release|Win32
		{7CF799DF-3600-4A82-8FF0-7C93EF81C567}.Debug|x64.ActiveCfg = Debug|x64
		{7CF799DF-3600-4A82-8FF0-7C93EF81C567}.Debug|x64.Build.0 = Debug|x64
		{7CF799DF-3600-4A82-8FF0-7C93EF81C567}.Debug|x86.ActiveCfg = Debug|Win32
		{7CF799DF-3600-4A82-8FF0-7C93EF81C567}.Debug|x86.Build.0 = Debug|Win32
		{7CF799DF-3600-4A82-8FF0-7C93EF81C567}.Release|x64.ActiveCfg = Release|x64
		{7CF799DF-3600-4A82-8FF0-7C93EF81C567}.Release|x64.Build.0 = Release|x64
		{7CF799DF-3600-4A82-8FF0-7C93EF81C567}.Release|x86.ActiveCfg = Release|Win32
		{7CF799DF-3600-4A82-8FF0-7C93EF81C567}.Release|x86.Build.0 = Release|Win32
		{02E03029-2A12-4B68-ADAB-DD09E673EE59}.Debug|x64.ActiveCfg = Debug|x64
		{02E03029-2A12-4B68-ADAB-DD09E673EE59}.Debug|x64.Build.0 = Debug|x64
		{02E03029-2A12-4B68-ADAB-DD09E673EE59}.Debug|x86.ActiveCfg = Debug|x64
		{02E03029-2A12-4B68-ADAB-DD09E673EE59}.Release|x64.ActiveCfg = Release|x64
		{02E03029-2A12-4B68-ADAB-DD09E673EE59}.Release|x64.Build.0 = Release|x64
		{02E03029-2A12-4B68-ADAB-DD09E673EE59}.Release|x86.ActiveCfg = Release|x64
		{BBD0C34F-0228-479F-8BED-93AD0DDA4C13}.Debug|x64.ActiveCfg = Debug|x64
		{BBD0C34F-0228-479F-8BED-93AD0DDA4C13}.Debug|x64.Build.0 = Debug|x64
		{BBD0C34F-0228-479F-8BED-93AD0DDA4C13}.Debug|x86.ActiveCfg = Debug|x64
		{BBD0C34F-0228-479F-8BED-93AD0DDA4C13}.Release|x64.ActiveCfg = Release|x64
		{BBD0C34F-0228-479F-8BED-93AD0DDA4C13}.Release|x64.Build.0 = Release|x64
		{BBD0C34F-0228-479F-8BED-93AD0DDA4C13}.Release|x86.ActiveCfg = Release|x64
	EndGlobalSection
	GlobalSection(SolutionProperties) = preSolution
		HideSolutionNode = FALSE
	EndGlobalSection
	GlobalSection(ExtensibilityGlobals) = postSolution
		SolutionGuid = {9FE09A0E-EA50-43EE-86B9-129680FA8816}
	EndGlobalSection
EndGlobal
