
Microsoft Visual Studio Solution File, Format Version 12.00
# Visual Studio 15
VisualStudioVersion = 15.0.28307.779
MinimumVisualStudioVersion = 10.0.40219.1
Project("{8BC9CEB8-8B4A-11D0-8D11-00A0C91BC942}") = "RnD_C++ModuleClass_ClientSocket", "RnD_C++ModuleClass_ClientSocket\RnD_C++ModuleClass_ClientSocket.vcxproj", "{922E4EAD-C411-4DBA-BA29-35F1B2690803}"
EndProject
Global
	GlobalSection(SolutionConfigurationPlatforms) = preSolution
		Debug|x64 = Debug|x64
		Debug|x86 = Debug|x86
		Release|x64 = Release|x64
		Release|x86 = Release|x86
	EndGlobalSection
	GlobalSection(ProjectConfigurationPlatforms) = postSolution
		{922E4EAD-C411-4DBA-BA29-35F1B2690803}.Debug|x64.ActiveCfg = Debug|x64
		{922E4EAD-C411-4DBA-BA29-35F1B2690803}.Debug|x64.Build.0 = Debug|x64
		{922E4EAD-C411-4DBA-BA29-35F1B2690803}.Debug|x86.ActiveCfg = Debug|Win32
		{922E4EAD-C411-4DBA-BA29-35F1B2690803}.Debug|x86.Build.0 = Debug|Win32
		{922E4EAD-C411-4DBA-BA29-35F1B2690803}.Release|x64.ActiveCfg = Release|x64
		{922E4EAD-C411-4DBA-BA29-35F1B2690803}.Release|x64.Build.0 = Release|x64
		{922E4EAD-C411-4DBA-BA29-35F1B2690803}.Release|x86.ActiveCfg = Release|Win32
		{922E4EAD-C411-4DBA-BA29-35F1B2690803}.Release|x86.Build.0 = Release|Win32
	EndGlobalSection
	GlobalSection(SolutionProperties) = preSolution
		HideSolutionNode = FALSE
	EndGlobalSection
	GlobalSection(ExtensibilityGlobals) = postSolution
		SolutionGuid = {157F0FC0-2188-4228-96FC-7F70A7AA10BD}
	EndGlobalSection
EndGlobal
