
Microsoft Visual Studio Solution File, Format Version 12.00
# Visual Studio 15
VisualStudioVersion = 15.0.28307.757
MinimumVisualStudioVersion = 10.0.40219.1
Project("{8BC9CEB8-8B4A-11D0-8D11-00A0C91BC942}") = "RnD_C++Callback_Function Pointer", "RnD_C++CallbackThread\RnD_C++CallbackThread.vcxproj", "{F67CC77B-72F3-4793-8015-D938066EAD14}"
EndProject
Project("{8BC9CEB8-8B4A-11D0-8D11-00A0C91BC942}") = "RnD_C++Callback_Function object_funtor", "RnD_C++Callback_Function object_funtor\RnD_C++Callback_Function object_funtor.vcxproj", "{141FFF2A-CA99-4B6F-B502-BCB5107DD1A4}"
EndProject
Global
	GlobalSection(SolutionConfigurationPlatforms) = preSolution
		Debug|x64 = Debug|x64
		Debug|x86 = Debug|x86
		Release|x64 = Release|x64
		Release|x86 = Release|x86
	EndGlobalSection
	GlobalSection(ProjectConfigurationPlatforms) = postSolution
		{F67CC77B-72F3-4793-8015-D938066EAD14}.Debug|x64.ActiveCfg = Debug|x64
		{F67CC77B-72F3-4793-8015-D938066EAD14}.Debug|x64.Build.0 = Debug|x64
		{F67CC77B-72F3-4793-8015-D938066EAD14}.Debug|x86.ActiveCfg = Debug|Win32
		{F67CC77B-72F3-4793-8015-D938066EAD14}.Debug|x86.Build.0 = Debug|Win32
		{F67CC77B-72F3-4793-8015-D938066EAD14}.Release|x64.ActiveCfg = Release|x64
		{F67CC77B-72F3-4793-8015-D938066EAD14}.Release|x64.Build.0 = Release|x64
		{F67CC77B-72F3-4793-8015-D938066EAD14}.Release|x86.ActiveCfg = Release|Win32
		{F67CC77B-72F3-4793-8015-D938066EAD14}.Release|x86.Build.0 = Release|Win32
		{141FFF2A-CA99-4B6F-B502-BCB5107DD1A4}.Debug|x64.ActiveCfg = Debug|x64
		{141FFF2A-CA99-4B6F-B502-BCB5107DD1A4}.Debug|x64.Build.0 = Debug|x64
		{141FFF2A-CA99-4B6F-B502-BCB5107DD1A4}.Debug|x86.ActiveCfg = Debug|Win32
		{141FFF2A-CA99-4B6F-B502-BCB5107DD1A4}.Debug|x86.Build.0 = Debug|Win32
		{141FFF2A-CA99-4B6F-B502-BCB5107DD1A4}.Release|x64.ActiveCfg = Release|x64
		{141FFF2A-CA99-4B6F-B502-BCB5107DD1A4}.Release|x64.Build.0 = Release|x64
		{141FFF2A-CA99-4B6F-B502-BCB5107DD1A4}.Release|x86.ActiveCfg = Release|Win32
		{141FFF2A-CA99-4B6F-B502-BCB5107DD1A4}.Release|x86.Build.0 = Release|Win32
	EndGlobalSection
	GlobalSection(SolutionProperties) = preSolution
		HideSolutionNode = FALSE
	EndGlobalSection
	GlobalSection(ExtensibilityGlobals) = postSolution
		SolutionGuid = {812CE889-AD79-4EC4-9898-394D973BADD4}
	EndGlobalSection
EndGlobal
