
Microsoft Visual Studio Solution File, Format Version 12.00
# Visual Studio 15
VisualStudioVersion = 15.0.28307.421
MinimumVisualStudioVersion = 10.0.40219.1
Project("{8BC9CEB8-8B4A-11D0-8D11-00A0C91BC942}") = "RnD_WASAPI_LoopbackCapture", "RnD_WASAPI_LoopbackCapture\RnD_WASAPI_LoopbackCapture.vcxproj", "{4C425336-B132-4EDA-A6E3-DCC8D82EABF3}"
EndProject
Project("{8BC9CEB8-8B4A-11D0-8D11-00A0C91BC942}") = "RnD_WASAPI_Rendering", "RnD_WASAPI_Rendering\RnD_WASAPI_Rendering.vcxproj", "{A009753F-DFEF-4334-ACDB-E84002E92CC4}"
EndProject
Project("{8BC9CEB8-8B4A-11D0-8D11-00A0C91BC942}") = "RnD_AudioEndPoint_list", "RnD_AudioEndPoint_list\RnD_AudioEndPoint_list.vcxproj", "{993B1ABB-4BCD-409B-909C-81217B877799}"
EndProject
Project("{8BC9CEB8-8B4A-11D0-8D11-00A0C91BC942}") = "RnD_AudioEndPoint_set format", "RnD_AudioEndPoint_set format\RnD_AudioEndPoint_set format.vcxproj", "{C6AFAD78-62CA-46CF-9895-9E58E8916C4E}"
EndProject
Global
	GlobalSection(SolutionConfigurationPlatforms) = preSolution
		Debug|x64 = Debug|x64
		Debug|x86 = Debug|x86
		Release|x64 = Release|x64
		Release|x86 = Release|x86
	EndGlobalSection
	GlobalSection(ProjectConfigurationPlatforms) = postSolution
		{4C425336-B132-4EDA-A6E3-DCC8D82EABF3}.Debug|x64.ActiveCfg = Debug|x64
		{4C425336-B132-4EDA-A6E3-DCC8D82EABF3}.Debug|x64.Build.0 = Debug|x64
		{4C425336-B132-4EDA-A6E3-DCC8D82EABF3}.Debug|x86.ActiveCfg = Debug|Win32
		{4C425336-B132-4EDA-A6E3-DCC8D82EABF3}.Debug|x86.Build.0 = Debug|Win32
		{4C425336-B132-4EDA-A6E3-DCC8D82EABF3}.Release|x64.ActiveCfg = Release|x64
		{4C425336-B132-4EDA-A6E3-DCC8D82EABF3}.Release|x64.Build.0 = Release|x64
		{4C425336-B132-4EDA-A6E3-DCC8D82EABF3}.Release|x86.ActiveCfg = Release|Win32
		{4C425336-B132-4EDA-A6E3-DCC8D82EABF3}.Release|x86.Build.0 = Release|Win32
		{A009753F-DFEF-4334-ACDB-E84002E92CC4}.Debug|x64.ActiveCfg = Debug|x64
		{A009753F-DFEF-4334-ACDB-E84002E92CC4}.Debug|x64.Build.0 = Debug|x64
		{A009753F-DFEF-4334-ACDB-E84002E92CC4}.Debug|x86.ActiveCfg = Debug|Win32
		{A009753F-DFEF-4334-ACDB-E84002E92CC4}.Debug|x86.Build.0 = Debug|Win32
		{A009753F-DFEF-4334-ACDB-E84002E92CC4}.Release|x64.ActiveCfg = Release|x64
		{A009753F-DFEF-4334-ACDB-E84002E92CC4}.Release|x64.Build.0 = Release|x64
		{A009753F-DFEF-4334-ACDB-E84002E92CC4}.Release|x86.ActiveCfg = Release|Win32
		{A009753F-DFEF-4334-ACDB-E84002E92CC4}.Release|x86.Build.0 = Release|Win32
		{993B1ABB-4BCD-409B-909C-81217B877799}.Debug|x64.ActiveCfg = Debug|x64
		{993B1ABB-4BCD-409B-909C-81217B877799}.Debug|x64.Build.0 = Debug|x64
		{993B1ABB-4BCD-409B-909C-81217B877799}.Debug|x86.ActiveCfg = Debug|Win32
		{993B1ABB-4BCD-409B-909C-81217B877799}.Debug|x86.Build.0 = Debug|Win32
		{993B1ABB-4BCD-409B-909C-81217B877799}.Release|x64.ActiveCfg = Release|x64
		{993B1ABB-4BCD-409B-909C-81217B877799}.Release|x64.Build.0 = Release|x64
		{993B1ABB-4BCD-409B-909C-81217B877799}.Release|x86.ActiveCfg = Release|Win32
		{993B1ABB-4BCD-409B-909C-81217B877799}.Release|x86.Build.0 = Release|Win32
		{C6AFAD78-62CA-46CF-9895-9E58E8916C4E}.Debug|x64.ActiveCfg = Debug|x64
		{C6AFAD78-62CA-46CF-9895-9E58E8916C4E}.Debug|x64.Build.0 = Debug|x64
		{C6AFAD78-62CA-46CF-9895-9E58E8916C4E}.Debug|x86.ActiveCfg = Debug|Win32
		{C6AFAD78-62CA-46CF-9895-9E58E8916C4E}.Debug|x86.Build.0 = Debug|Win32
		{C6AFAD78-62CA-46CF-9895-9E58E8916C4E}.Release|x64.ActiveCfg = Release|x64
		{C6AFAD78-62CA-46CF-9895-9E58E8916C4E}.Release|x64.Build.0 = Release|x64
		{C6AFAD78-62CA-46CF-9895-9E58E8916C4E}.Release|x86.ActiveCfg = Release|Win32
		{C6AFAD78-62CA-46CF-9895-9E58E8916C4E}.Release|x86.Build.0 = Release|Win32
	EndGlobalSection
	GlobalSection(SolutionProperties) = preSolution
		HideSolutionNode = FALSE
	EndGlobalSection
	GlobalSection(ExtensibilityGlobals) = postSolution
		SolutionGuid = {357881FF-738B-4062-8155-7A4D25007682}
	EndGlobalSection
EndGlobal
