<?xml version="1.0" encoding="utf-8"?>
<Project ToolsVersion="4.0" xmlns="http://schemas.microsoft.com/developer/msbuild/2003">
  <ItemGroup>
    <Filter Include="소스 파일">
      <UniqueIdentifier>{4FC737F1-C7A5-4376-A066-2A32D752A2FF}</UniqueIdentifier>
      <Extensions>cpp;c;cc;cxx;c++;cppm;ixx;def;odl;idl;hpj;bat;asm;asmx</Extensions>
    </Filter>
    <Filter Include="헤더 파일">
      <UniqueIdentifier>{93995380-89BD-4b04-88EB-625FBE52EBFB}</UniqueIdentifier>
      <Extensions>h;hh;hpp;hxx;h++;hm;inl;inc;ipp;xsd</Extensions>
    </Filter>
    <Filter Include="리소스 파일">
      <UniqueIdentifier>{67DA6AB6-F800-4c08-8B7A-83BB121AAD01}</UniqueIdentifier>
      <Extensions>rc;ico;cur;bmp;dlg;rc2;rct;bin;rgs;gif;jpg;jpeg;jpe;resx;tiff;tif;png;wav;mfcribbon-ms</Extensions>
    </Filter>
    <Filter Include="Injector">
      <UniqueIdentifier>{ab3f432c-6ca9-4254-85e0-9d1105ea31c8}</UniqueIdentifier>
    </Filter>
    <Filter Include="Cursor">
      <UniqueIdentifier>{b99db122-7cf3-496c-9a9f-b02625aa8480}</UniqueIdentifier>
    </Filter>
  </ItemGroup>
  <ItemGroup>
    <ClCompile Include="main.cpp">
      <Filter>소스 파일</Filter>
    </ClCompile>
    <ClCompile Include="InjectorServer.cpp">
      <Filter>Injector</Filter>
    </ClCompile>
    <ClCompile Include="MyInjector.grpc.pb.cc">
      <Filter>Injector</Filter>
    </ClCompile>
    <ClCompile Include="MyInjector.pb.cc">
      <Filter>Injector</Filter>
    </ClCompile>
    <ClCompile Include="Cursor.cpp">
      <Filter>Cursor</Filter>
    </ClCompile>
    <ClCompile Include="MouseCursor.cc">
      <Filter>Cursor</Filter>
    </ClCompile>
  </ItemGroup>
  <ItemGroup>
    <ClInclude Include="InjectorServer.h">
      <Filter>Injector</Filter>
    </ClInclude>
    <ClInclude Include="MyInjector.grpc.pb.h">
      <Filter>Injector</Filter>
    </ClInclude>
    <ClInclude Include="MyInjector.pb.h">
      <Filter>Injector</Filter>
    </ClInclude>
    <ClInclude Include="Cursor.h">
      <Filter>Cursor</Filter>
    </ClInclude>
    <ClInclude Include="CursorStruct.h">
      <Filter>Cursor</Filter>
    </ClInclude>
    <ClInclude Include="MouseCursor.h">
      <Filter>Cursor</Filter>
    </ClInclude>
    <ClInclude Include="scoped_gdi_object.h">
      <Filter>Cursor</Filter>
    </ClInclude>
  </ItemGroup>
</Project>