
Microsoft Visual Studio Solution File, Format Version 12.00
# Visual Studio 15
VisualStudioVersion = 15.0.28307.329
MinimumVisualStudioVersion = 10.0.40219.1
Project("{8BC9CEB8-8B4A-11D0-8D11-00A0C91BC942}") = "RnD_Headerfile", "RnD_Headerfile\RnD_Headerfile.vcxproj", "{E0E71727-6D63-4DB9-8F2D-9ABF5A9CA68F}"
EndProject
Project("{8BC9CEB8-8B4A-11D0-8D11-00A0C91BC942}") = "RnD_NameMangling", "RnD_NameMangling\RnD_NameMangling\RnD_NameMangling.vcxproj", "{EE3A14DB-7C59-4A6C-9554-1CEF3ABB3766}"
EndProject
Global
	GlobalSection(SolutionConfigurationPlatforms) = preSolution
		Debug|x64 = Debug|x64
		Debug|x86 = Debug|x86
		Release|x64 = Release|x64
		Release|x86 = Release|x86
	EndGlobalSection
	GlobalSection(ProjectConfigurationPlatforms) = postSolution
		{E0E71727-6D63-4DB9-8F2D-9ABF5A9CA68F}.Debug|x64.ActiveCfg = Debug|x64
		{E0E71727-6D63-4DB9-8F2D-9ABF5A9CA68F}.Debug|x64.Build.0 = Debug|x64
		{E0E71727-6D63-4DB9-8F2D-9ABF5A9CA68F}.Debug|x86.ActiveCfg = Debug|Win32
		{E0E71727-6D63-4DB9-8F2D-9ABF5A9CA68F}.Debug|x86.Build.0 = Debug|Win32
		{E0E71727-6D63-4DB9-8F2D-9ABF5A9CA68F}.Release|x64.ActiveCfg = Release|x64
		{E0E71727-6D63-4DB9-8F2D-9ABF5A9CA68F}.Release|x64.Build.0 = Release|x64
		{E0E71727-6D63-4DB9-8F2D-9ABF5A9CA68F}.Release|x86.ActiveCfg = Release|Win32
		{E0E71727-6D63-4DB9-8F2D-9ABF5A9CA68F}.Release|x86.Build.0 = Release|Win32
		{EE3A14DB-7C59-4A6C-9554-1CEF3ABB3766}.Debug|x64.ActiveCfg = Debug|x64
		{EE3A14DB-7C59-4A6C-9554-1CEF3ABB3766}.Debug|x64.Build.0 = Debug|x64
		{EE3A14DB-7C59-4A6C-9554-1CEF3ABB3766}.Debug|x86.ActiveCfg = Debug|Win32
		{EE3A14DB-7C59-4A6C-9554-1CEF3ABB3766}.Debug|x86.Build.0 = Debug|Win32
		{EE3A14DB-7C59-4A6C-9554-1CEF3ABB3766}.Release|x64.ActiveCfg = Release|x64
		{EE3A14DB-7C59-4A6C-9554-1CEF3ABB3766}.Release|x64.Build.0 = Release|x64
		{EE3A14DB-7C59-4A6C-9554-1CEF3ABB3766}.Release|x86.ActiveCfg = Release|Win32
		{EE3A14DB-7C59-4A6C-9554-1CEF3ABB3766}.Release|x86.Build.0 = Release|Win32
	EndGlobalSection
	GlobalSection(SolutionProperties) = preSolution
		HideSolutionNode = FALSE
	EndGlobalSection
	GlobalSection(ExtensibilityGlobals) = postSolution
		SolutionGuid = {97187D6F-0D2E-4EFD-A87C-6D52F4FC8921}
	EndGlobalSection
EndGlobal
