
Microsoft Visual Studio Solution File, Format Version 12.00
# Visual Studio 15
VisualStudioVersion = 15.0.28307.645
MinimumVisualStudioVersion = 10.0.40219.1
Project("{8BC9CEB8-8B4A-11D0-8D11-00A0C91BC942}") = "RnD_MoseInfomation_query", "RnD_MoseInfomation_query\RnD_MoseInfomation_query.vcxproj", "{AEE1C61B-82CE-4248-BF3E-F4CCEB75EC74}"
EndProject
Project("{8BC9CEB8-8B4A-11D0-8D11-00A0C91BC942}") = "RnD_MouseCapture_Server", "RnD_MouseCapture_Server\RnD_MouseCapture_Server.vcxproj", "{72A60981-AAD2-47EC-A381-F368FE5172DC}"
EndProject
Project("{8BC9CEB8-8B4A-11D0-8D11-00A0C91BC942}") = "RnD_MouseCapture_Client", "RnD_MouseCapture_Client\RnD_MouseCapture_Client.vcxproj", "{C9492F53-3792-43AB-90CC-CD04CB01032E}"
EndProject
Project("{8BC9CEB8-8B4A-11D0-8D11-00A0C91BC942}") = "RnD_MouseIcon_compare", "RnD_MouseIcon_compare\RnD_MouseIcon_compare.vcxproj", "{C354EF74-2979-464B-9697-689B3FAF51D9}"
EndProject
Project("{8BC9CEB8-8B4A-11D0-8D11-00A0C91BC942}") = "RnD_MouseCapture_bitmap", "RnD_MouseCapture_bitmap\RnD_MouseCapture_bitmap.vcxproj", "{F2AE32D7-1E32-4B00-A021-91CAAB00E966}"
EndProject
Global
	GlobalSection(SolutionConfigurationPlatforms) = preSolution
		Debug|x64 = Debug|x64
		Debug|x86 = Debug|x86
		Release|x64 = Release|x64
		Release|x86 = Release|x86
	EndGlobalSection
	GlobalSection(ProjectConfigurationPlatforms) = postSolution
		{AEE1C61B-82CE-4248-BF3E-F4CCEB75EC74}.Debug|x64.ActiveCfg = Debug|x64
		{AEE1C61B-82CE-4248-BF3E-F4CCEB75EC74}.Debug|x64.Build.0 = Debug|x64
		{AEE1C61B-82CE-4248-BF3E-F4CCEB75EC74}.Debug|x86.ActiveCfg = Debug|Win32
		{AEE1C61B-82CE-4248-BF3E-F4CCEB75EC74}.Debug|x86.Build.0 = Debug|Win32
		{AEE1C61B-82CE-4248-BF3E-F4CCEB75EC74}.Release|x64.ActiveCfg = Release|x64
		{AEE1C61B-82CE-4248-BF3E-F4CCEB75EC74}.Release|x64.Build.0 = Release|x64
		{AEE1C61B-82CE-4248-BF3E-F4CCEB75EC74}.Release|x86.ActiveCfg = Release|Win32
		{AEE1C61B-82CE-4248-BF3E-F4CCEB75EC74}.Release|x86.Build.0 = Release|Win32
		{72A60981-AAD2-47EC-A381-F368FE5172DC}.Debug|x64.ActiveCfg = Debug|x64
		{72A60981-AAD2-47EC-A381-F368FE5172DC}.Debug|x64.Build.0 = Debug|x64
		{72A60981-AAD2-47EC-A381-F368FE5172DC}.Debug|x86.ActiveCfg = Debug|Win32
		{72A60981-AAD2-47EC-A381-F368FE5172DC}.Debug|x86.Build.0 = Debug|Win32
		{72A60981-AAD2-47EC-A381-F368FE5172DC}.Release|x64.ActiveCfg = Release|x64
		{72A60981-AAD2-47EC-A381-F368FE5172DC}.Release|x64.Build.0 = Release|x64
		{72A60981-AAD2-47EC-A381-F368FE5172DC}.Release|x86.ActiveCfg = Release|Win32
		{72A60981-AAD2-47EC-A381-F368FE5172DC}.Release|x86.Build.0 = Release|Win32
		{C9492F53-3792-43AB-90CC-CD04CB01032E}.Debug|x64.ActiveCfg = Debug|x64
		{C9492F53-3792-43AB-90CC-CD04CB01032E}.Debug|x64.Build.0 = Debug|x64
		{C9492F53-3792-43AB-90CC-CD04CB01032E}.Debug|x86.ActiveCfg = Debug|Win32
		{C9492F53-3792-43AB-90CC-CD04CB01032E}.Debug|x86.Build.0 = Debug|Win32
		{C9492F53-3792-43AB-90CC-CD04CB01032E}.Release|x64.ActiveCfg = Release|x64
		{C9492F53-3792-43AB-90CC-CD04CB01032E}.Release|x64.Build.0 = Release|x64
		{C9492F53-3792-43AB-90CC-CD04CB01032E}.Release|x86.ActiveCfg = Release|Win32
		{C9492F53-3792-43AB-90CC-CD04CB01032E}.Release|x86.Build.0 = Release|Win32
		{C354EF74-2979-464B-9697-689B3FAF51D9}.Debug|x64.ActiveCfg = Debug|x64
		{C354EF74-2979-464B-9697-689B3FAF51D9}.Debug|x64.Build.0 = Debug|x64
		{C354EF74-2979-464B-9697-689B3FAF51D9}.Debug|x86.ActiveCfg = Debug|Win32
		{C354EF74-2979-464B-9697-689B3FAF51D9}.Debug|x86.Build.0 = Debug|Win32
		{C354EF74-2979-464B-9697-689B3FAF51D9}.Release|x64.ActiveCfg = Release|x64
		{C354EF74-2979-464B-9697-689B3FAF51D9}.Release|x64.Build.0 = Release|x64
		{C354EF74-2979-464B-9697-689B3FAF51D9}.Release|x86.ActiveCfg = Release|Win32
		{C354EF74-2979-464B-9697-689B3FAF51D9}.Release|x86.Build.0 = Release|Win32
		{F2AE32D7-1E32-4B00-A021-91CAAB00E966}.Debug|x64.ActiveCfg = Debug|x64
		{F2AE32D7-1E32-4B00-A021-91CAAB00E966}.Debug|x64.Build.0 = Debug|x64
		{F2AE32D7-1E32-4B00-A021-91CAAB00E966}.Debug|x86.ActiveCfg = Debug|Win32
		{F2AE32D7-1E32-4B00-A021-91CAAB00E966}.Debug|x86.Build.0 = Debug|Win32
		{F2AE32D7-1E32-4B00-A021-91CAAB00E966}.Release|x64.ActiveCfg = Release|x64
		{F2AE32D7-1E32-4B00-A021-91CAAB00E966}.Release|x64.Build.0 = Release|x64
		{F2AE32D7-1E32-4B00-A021-91CAAB00E966}.Release|x86.ActiveCfg = Release|Win32
		{F2AE32D7-1E32-4B00-A021-91CAAB00E966}.Release|x86.Build.0 = Release|Win32
	EndGlobalSection
	GlobalSection(SolutionProperties) = preSolution
		HideSolutionNode = FALSE
	EndGlobalSection
	GlobalSection(ExtensibilityGlobals) = postSolution
		SolutionGuid = {B7C58B62-7C7F-4FBB-9AEC-334355FA042D}
	EndGlobalSection
EndGlobal
