
Microsoft Visual Studio Solution File, Format Version 12.00
# Visual Studio 15
VisualStudioVersion = 15.0.28307.572
MinimumVisualStudioVersion = 10.0.40219.1
Project("{8BC9CEB8-8B4A-11D0-8D11-00A0C91BC942}") = "RnD_CreateThread", "RnD_CreateThread\RnD_CreateThread.vcxproj", "{63E3DEC3-25B4-41A6-A5B1-1CCE9B799FC7}"
EndProject
Global
	GlobalSection(SolutionConfigurationPlatforms) = preSolution
		Debug|x64 = Debug|x64
		Debug|x86 = Debug|x86
		Release|x64 = Release|x64
		Release|x86 = Release|x86
	EndGlobalSection
	GlobalSection(ProjectConfigurationPlatforms) = postSolution
		{63E3DEC3-25B4-41A6-A5B1-1CCE9B799FC7}.Debug|x64.ActiveCfg = Debug|x64
		{63E3DEC3-25B4-41A6-A5B1-1CCE9B799FC7}.Debug|x64.Build.0 = Debug|x64
		{63E3DEC3-25B4-41A6-A5B1-1CCE9B799FC7}.Debug|x86.ActiveCfg = Debug|Win32
		{63E3DEC3-25B4-41A6-A5B1-1CCE9B799FC7}.Debug|x86.Build.0 = Debug|Win32
		{63E3DEC3-25B4-41A6-A5B1-1CCE9B799FC7}.Release|x64.ActiveCfg = Release|x64
		{63E3DEC3-25B4-41A6-A5B1-1CCE9B799FC7}.Release|x64.Build.0 = Release|x64
		{63E3DEC3-25B4-41A6-A5B1-1CCE9B799FC7}.Release|x86.ActiveCfg = Release|Win32
		{63E3DEC3-25B4-41A6-A5B1-1CCE9B799FC7}.Release|x86.Build.0 = Release|Win32
	EndGlobalSection
	GlobalSection(SolutionProperties) = preSolution
		HideSolutionNode = FALSE
	EndGlobalSection
	GlobalSection(ExtensibilityGlobals) = postSolution
		SolutionGuid = {BBD77EDD-FAE5-483F-ADF0-C6E23792F633}
	EndGlobalSection
EndGlobal
